// !$*UTF8*$!
{
	archiveVersion = 1;
	classes = {
	};
	objectVersion = 77;
	objects = {

/* Begin PBXContainerItemProxy section */
		D1FC7BDA2D4567BF003AEA74 /* PBXContainerItemProxy */ = {
			isa = PBXContainerItemProxy;
			containerPortal = D1FC7BBB2D4567BD003AEA74 /* Project object */;
			proxyType = 1;
			remoteGlobalIDString = D1FC7BC22D4567BD003AEA74;
			remoteInfo = "QR scanner";
		};
		D1FC7BE42D4567BF003AEA74 /* PBXContainerItemProxy */ = {
			isa = PBXContainerItemProxy;
			containerPortal = D1FC7BBB2D4567BD003AEA74 /* Project object */;
			proxyType = 1;
			remoteGlobalIDString = D1FC7BC22D4567BD003AEA74;
			remoteInfo = "QR scanner";
		};
/* End PBXContainerItemProxy section */

/* Begin PBXFileReference section */
		D1FC7BC32D4567BD003AEA74 /* QR scanner.app */ = {isa = PBXFileReference; explicitFileType = wrapper.application; includeInIndex = 0; path = "QR scanner.app"; sourceTree = BUILT_PRODUCTS_DIR; };
		D1FC7BD92D4567BF003AEA74 /* QR scannerTests.xctest */ = {isa = PBXFileReference; explicitFileType = wrapper.cfbundle; includeInIndex = 0; path = "QR scannerTests.xctest"; sourceTree = BUILT_PRODUCTS_DIR; };
		D1FC7BE32D4567BF003AEA74 /* QR scannerUITests.xctest */ = {isa = PBXFileReference; explicitFileType = wrapper.cfbundle; includeInIndex = 0; path = "QR scannerUITests.xctest"; sourceTree = BUILT_PRODUCTS_DIR; };
/* End PBXFileReference section */

/* Begin PBXFileSystemSynchronizedBuildFileExceptionSet section */
		D1FC7BEB2D4567BF003AEA74 /* Exceptions for "QR scanner" folder in "QR scanner" target */ = {
			isa = PBXFileSystemSynchronizedBuildFileExceptionSet;
			membershipExceptions = (
				Info.plist,
			);
			target = D1FC7BC22D4567BD003AEA74 /* QR scanner */;
		};
/* End PBXFileSystemSynchronizedBuildFileExceptionSet section */

/* Begin PBXFileSystemSynchronizedRootGroup section */
		D1FC7BC52D4567BD003AEA74 /* QR scanner */ = {
			isa = PBXFileSystemSynchronizedRootGroup;
			exceptions = (
				D1FC7BEB2D4567BF003AEA74 /* Exceptions for "QR scanner" folder in "QR scanner" target */,
			);
			path = "QR scanner";
			sourceTree = "<group>";
		};
		D1FC7BDC2D4567BF003AEA74 /* QR scannerTests */ = {
			isa = PBXFileSystemSynchronizedRootGroup;
			path = "QR scannerTests";
			sourceTree = "<group>";
		};
		D1FC7BE62D4567BF003AEA74 /* QR scannerUITests */ = {
			isa = PBXFileSystemSynchronizedRootGroup;
			path = "QR scannerUITests";
			sourceTree = "<group>";
		};
/* End PBXFileSystemSynchronizedRootGroup section */

/* Begin PBXFrameworksBuildPhase section */
		D1FC7BC02D4567BD003AEA74 /* Frameworks */ = {
			isa = PBXFrameworksBuildPhase;
			buildActionMask = 2147483647;
			files = (
			);
			runOnlyForDeploymentPostprocessing = 0;
		};
		D1FC7BD62D4567BF003AEA74 /* Frameworks */ = {
			isa = PBXFrameworksBuildPhase;
			buildActionMask = 2147483647;
			files = (
			);
			runOnlyForDeploymentPostprocessing = 0;
		};
		D1FC7BE02D4567BF003AEA74 /* Frameworks */ = {
			isa = PBXFrameworksBuildPhase;
			buildActionMask = 2147483647;
			files = (
			);
			runOnlyForDeploymentPostprocessing = 0;
		};
/* End PBXFrameworksBuildPhase section */

/* Begin PBXGroup section */
		D1FC7BBA2D4567BD003AEA74 = {
			isa = PBXGroup;
			children = (
				D1FC7BC52D4567BD003AEA74 /* QR scanner */,
				D1FC7BDC2D4567BF003AEA74 /* QR scannerTests */,
				D1FC7BE62D4567BF003AEA74 /* QR scannerUITests */,
				D1FC7BC42D4567BD003AEA74 /* Products */,
			);
			sourceTree = "<group>";
		};
		D1FC7BC42D4567BD003AEA74 /* Products */ = {
			isa = PBXGroup;
			children = (
				D1FC7BC32D4567BD003AEA74 /* QR scanner.app */,
				D1FC7BD92D4567BF003AEA74 /* QR scannerTests.xctest */,
				D1FC7BE32D4567BF003AEA74 /* QR scannerUITests.xctest */,
			);
			name = Products;
			sourceTree = "<group>";
		};
/* End PBXGroup section */

/* Begin PBXNativeTarget section */
		D1FC7BC22D4567BD003AEA74 /* QR scanner */ = {
			isa = PBXNativeTarget;
			buildConfigurationList = D1FC7BEC2D4567BF003AEA74 /* Build configuration list for PBXNativeTarget "QR scanner" */;
			buildPhases = (
				D1FC7BBF2D4567BD003AEA74 /* Sources */,
				D1FC7BC02D4567BD003AEA74 /* Frameworks */,
				D1FC7BC12D4567BD003AEA74 /* Resources */,
			);
			buildRules = (
			);
			dependencies = (
			);
			fileSystemSynchronizedGroups = (
				D1FC7BC52D4567BD003AEA74 /* QR scanner */,
			);
			name = "QR scanner";
			packageProductDependencies = (
			);
			productName = "QR scanner";
			productReference = D1FC7BC32D4567BD003AEA74 /* QR scanner.app */;
			productType = "com.apple.product-type.application";
		};
		D1FC7BD82D4567BF003AEA74 /* QR scannerTests */ = {
			isa = PBXNativeTarget;
			buildConfigurationList = D1FC7BF12D4567BF003AEA74 /* Build configuration list for PBXNativeTarget "QR scannerTests" */;
			buildPhases = (
				D1FC7BD52D4567BF003AEA74 /* Sources */,
				D1FC7BD62D4567BF003AEA74 /* Frameworks */,
				D1FC7BD72D4567BF003AEA74 /* Resources */,
			);
			buildRules = (
			);
			dependencies = (
				D1FC7BDB2D4567BF003AEA74 /* PBXTargetDependency */,
			);
			fileSystemSynchronizedGroups = (
				D1FC7BDC2D4567BF003AEA74 /* QR scannerTests */,
			);
			name = "QR scannerTests";
			packageProductDependencies = (
			);
			productName = "QR scannerTests";
			productReference = D1FC7BD92D4567BF003AEA74 /* QR scannerTests.xctest */;
			productType = "com.apple.product-type.bundle.unit-test";
		};
		D1FC7BE22D4567BF003AEA74 /* QR scannerUITests */ = {
			isa = PBXNativeTarget;
			buildConfigurationList = D1FC7BF42D4567BF003AEA74 /* Build configuration list for PBXNativeTarget "QR scannerUITests" */;
			buildPhases = (
				D1FC7BDF2D4567BF003AEA74 /* Sources */,
				D1FC7BE02D4567BF003AEA74 /* Frameworks */,
				D1FC7BE12D4567BF003AEA74 /* Resources */,
			);
			buildRules = (
			);
			dependencies = (
				D1FC7BE52D4567BF003AEA74 /* PBXTargetDependency */,
			);
			fileSystemSynchronizedGroups = (
				D1FC7BE62D4567BF003AEA74 /* QR scannerUITests */,
			);
			name = "QR scannerUITests";
			packageProductDependencies = (
			);
			productName = "QR scannerUITests";
			productReference = D1FC7BE32D4567BF003AEA74 /* QR scannerUITests.xctest */;
			productType = "com.apple.product-type.bundle.ui-testing";
		};
/* End PBXNativeTarget section */

/* Begin PBXProject section */
		D1FC7BBB2D4567BD003AEA74 /* Project object */ = {
			isa = PBXProject;
			attributes = {
				BuildIndependentTargetsInParallel = 1;
				LastSwiftUpdateCheck = 1620;
				LastUpgradeCheck = 1620;
				TargetAttributes = {
					D1FC7BC22D4567BD003AEA74 = {
						CreatedOnToolsVersion = 16.2;
					};
					D1FC7BD82D4567BF003AEA74 = {
						CreatedOnToolsVersion = 16.2;
						TestTargetID = D1FC7BC22D4567BD003AEA74;
					};
					D1FC7BE22D4567BF003AEA74 = {
						CreatedOnToolsVersion = 16.2;
						TestTargetID = D1FC7BC22D4567BD003AEA74;
					};
				};
			};
			buildConfigurationList = D1FC7BBE2D4567BD003AEA74 /* Build configuration list for PBXProject "QR scanner" */;
			developmentRegion = en;
			hasScannedForEncodings = 0;
			knownRegions = (
				en,
				Base,
			);
			mainGroup = D1FC7BBA2D4567BD003AEA74;
			minimizedProjectReferenceProxies = 1;
			preferredProjectObjectVersion = 77;
			productRefGroup = D1FC7BC42D4567BD003AEA74 /* Products */;
			projectDirPath = "";
			projectRoot = "";
			targets = (
				D1FC7BC22D4567BD003AEA74 /* QR scanner */,
				D1FC7BD82D4567BF003AEA74 /* QR scannerTests */,
				D1FC7BE22D4567BF003AEA74 /* QR scannerUITests */,
			);
		};
/* End PBXProject section */

/* Begin PBXResourcesBuildPhase section */
		D1FC7BC12D4567BD003AEA74 /* Resources */ = {
			isa = PBXResourcesBuildPhase;
			buildActionMask = 2147483647;
			files = (
			);
			runOnlyForDeploymentPostprocessing = 0;
		};
		D1FC7BD72D4567BF003AEA74 /* Resources */ = {
			isa = PBXResourcesBuildPhase;
			buildActionMask = 2147483647;
			files = (
			);
			runOnlyForDeploymentPostprocessing = 0;
		};
		D1FC7BE12D4567BF003AEA74 /* Resources */ = {
			isa = PBXResourcesBuildPhase;
			buildActionMask = 2147483647;
			files = (
			);
			runOnlyForDeploymentPostprocessing = 0;
		};
/* End PBXResourcesBuildPhase section */

/* Begin PBXSourcesBuildPhase section */
		D1FC7BBF2D4567BD003AEA74 /* Sources */ = {
			isa = PBXSourcesBuildPhase;
			buildActionMask = 2147483647;
			files = (
			);
			runOnlyForDeploymentPostprocessing = 0;
		};
		D1FC7BD52D4567BF003AEA74 /* Sources */ = {
			isa = PBXSourcesBuildPhase;
			buildActionMask = 2147483647;
			files = (
			);
			runOnlyForDeploymentPostprocessing = 0;
		};
		D1FC7BDF2D4567BF003AEA74 /* Sources */ = {
			isa = PBXSourcesBuildPhase;
			buildActionMask = 2147483647;
			files = (
			);
			runOnlyForDeploymentPostprocessing = 0;
		};
/* End PBXSourcesBuildPhase section */

/* Begin PBXTargetDependency section */
		D1FC7BDB2D4567BF003AEA74 /* PBXTargetDependency */ = {
			isa = PBXTargetDependency;
			target = D1FC7BC22D4567BD003AEA74 /* QR scanner */;
			targetProxy = D1FC7BDA2D4567BF003AEA74 /* PBXContainerItemProxy */;
		};
		D1FC7BE52D4567BF003AEA74 /* PBXTargetDependency */ = {
			isa = PBXTargetDependency;
			target = D1FC7BC22D4567BD003AEA74 /* QR scanner */;
			targetProxy = D1FC7BE42D4567BF003AEA74 /* PBXContainerItemProxy */;
		};
/* End PBXTargetDependency section */

/* Begin XCBuildConfiguration section */
		D1FC7BED2D4567BF003AEA74 /* Debug */ = {
			isa = XCBuildConfiguration;
			buildSettings = {
				ASSETCATALOG_COMPILER_APPICON_NAME = AppIcon;
				ASSETCATALOG_COMPILER_GLOBAL_ACCENT_COLOR_NAME = AccentColor;
				CODE_SIGN_STYLE = Automatic;
				CURRENT_PROJECT_VERSION = 1;
				DEVELOPMENT_TEAM = PPX99984U7;
				GENERATE_INFOPLIST_FILE = YES;
				INFOPLIST_FILE = "QR scanner/Info.plist";
				INFOPLIST_KEY_UIApplicationSupportsIndirectInputEvents = YES;
				INFOPLIST_KEY_UILaunchStoryboardName = LaunchScreen;
				INFOPLIST_KEY_UIMainStoryboardFile = Main;
				INFOPLIST_KEY_UISupportedInterfaceOrientations_iPad = "UIInterfaceOrientationPortrait UIInterfaceOrientationPortraitUpsideDown UIInterfaceOrientationLandscapeLeft UIInterfaceOrientationLandscapeRight";
				INFOPLIST_KEY_UISupportedInterfaceOrientations_iPhone = "UIInterfaceOrientationPortrait UIInterfaceOrientationLandscapeLeft UIInterfaceOrientationLandscapeRight";
				LD_RUNPATH_SEARCH_PATHS = (
					"$(inherited)",
					"@executable_path/Frameworks",
				);
				MARKETING_VERSION = 1.0;
				PRODUCT_BUNDLE_IDENTIFIER = "TR.QR-scanner";
				PRODUCT_NAME = "$(TARGET_NAME)";
				SWIFT_EMIT_LOC_STRINGS = YES;
				SWIFT_VERSION = 5.0;
				TARGETED_DEVICE_FAMILY = "1,2";
			};
			name = Debug;
		};
		D1FC7BEE2D4567BF003AEA74 /* Release */ = {
			isa = XCBuildConfiguration;
			buildSettings = {
				ASSETCATALOG_COMPILER_APPICON_NAME = AppIcon;
				ASSETCATALOG_COMPILER_GLOBAL_ACCENT_COLOR_NAME = AccentColor;
				CODE_SIGN_STYLE = Automatic;
				CURRENT_PROJECT_VERSION = 1;
				DEVELOPMENT_TEAM = PPX99984U7;
				GENERATE_INFOPLIST_FILE = YES;
				INFOPLIST_FILE = "QR scanner/Info.plist";
				INFOPLIST_KEY_UIApplicationSupportsIndirectInputEvents = YES;
				INFOPLIST_KEY_UILaunchStoryboardName = LaunchScreen;
				INFOPLIST_KEY_UIMainStoryboardFile = Main;
				INFOPLIST_KEY_UISupportedInterfaceOrientations_iPad = "UIInterfaceOrientationPortrait UIInterfaceOrientationPortraitUpsideDown UIInterfaceOrientationLandscapeLeft UIInterfaceOrientationLandscapeRight";
				INFOPLIST_KEY_UISupportedInterfaceOrientations_iPhone = "UIInterfaceOrientationPortrait UIInterfaceOrientationLandscapeLeft UIInterfaceOrientationLandscapeRight";
				LD_RUNPATH_SEARCH_PATHS = (
					"$(inherited)",
					"@executable_path/Frameworks",
				);
				MARKETING_VERSION = 1.0;
				PRODUCT_BUNDLE_IDENTIFIER = "TR.QR-scanner";
				PRODUCT_NAME = "$(TARGET_NAME)";
				SWIFT_EMIT_LOC_STRINGS = YES;
				SWIFT_VERSION = 5.0;
				TARGETED_DEVICE_FAMILY = "1,2";
			};
			name = Release;
		};
		D1FC7BEF2D4567BF003AEA74 /* Debug */ = {
			isa = XCBuildConfiguration;
			buildSettings = {
				ALWAYS_SEARCH_USER_PATHS = NO;
				ASSETCATALOG_COMPILER_GENERATE_SWIFT_ASSET_SYMBOL_EXTENSIONS = YES;
				CLANG_ANALYZER_NONNULL = YES;
				CLANG_ANALYZER_NUMBER_OBJECT_CONVERSION = YES_AGGRESSIVE;
				CLANG_CXX_LANGUAGE_STANDARD = "gnu++20";
				CLANG_ENABLE_MODULES = YES;
				CLANG_ENABLE_OBJC_ARC = YES;
				CLANG_ENABLE_OBJC_WEAK = YES;
				CLANG_WARN_BLOCK_CAPTURE_AUTORELEASING = YES;
				CLANG_WARN_BOOL_CONVERSION = YES;
				CLANG_WARN_COMMA = YES;
				CLANG_WARN_CONSTANT_CONVERSION = YES;
				CLANG_WARN_DEPRECATED_OBJC_IMPLEMENTATIONS = YES;
				CLANG_WARN_DIRECT_OBJC_ISA_USAGE = YES_ERROR;
				CLANG_WARN_DOCUMENTATION_COMMENTS = YES;
				CLANG_WARN_EMPTY_BODY = YES;
				CLANG_WARN_ENUM_CONVERSION = YES;
				CLANG_WARN_INFINITE_RECURSION = YES;
				CLANG_WARN_INT_CONVERSION = YES;
				CLANG_WARN_NON_LITERAL_NULL_CONVERSION = YES;
				CLANG_WARN_OBJC_IMPLICIT_RETAIN_SELF = YES;
				CLANG_WARN_OBJC_LITERAL_CONVERSION = YES;
				CLANG_WARN_OBJC_ROOT_CLASS = YES_ERROR;
				CLANG_WARN_QUOTED_INCLUDE_IN_FRAMEWORK_HEADER = YES;
				CLANG_WARN_RANGE_LOOP_ANALYSIS = YES;
				CLANG_WARN_STRICT_PROTOTYPES = YES;
				CLANG_WARN_SUSPICIOUS_MOVE = YES;
				CLANG_WARN_UNGUARDED_AVAILABILITY = YES_AGGRESSIVE;
				CLANG_WARN_UNREACHABLE_CODE = YES;
				CLANG_WARN__DUPLICATE_METHOD_MATCH = YES;
				COPY_PHASE_STRIP = NO;
				DEBUG_INFORMATION_FORMAT = dwarf;
				ENABLE_STRICT_OBJC_MSGSEND = YES;
				ENABLE_TESTABILITY = YES;
				ENABLE_USER_SCRIPT_SANDBOXING = YES;
				GCC_C_LANGUAGE_STANDARD = gnu17;
				GCC_DYNAMIC_NO_PIC = NO;
				GCC_NO_COMMON_BLOCKS = YES;
				GCC_OPTIMIZATION_LEVEL = 0;
				GCC_PREPROCESSOR_DEFINITIONS = (
					"DEBUG=1",
					"$(inherited)",
				);
				GCC_WARN_64_TO_32_BIT_CONVERSION = YES;
				GCC_WARN_ABOUT_RETURN_TYPE = YES_ERROR;
				GCC_WARN_UNDECLARED_SELECTOR = YES;
				GCC_WARN_UNINITIALIZED_AUTOS = YES_AGGRESSIVE;
				GCC_WARN_UNUSED_FUNCTION = YES;
				GCC_WARN_UNUSED_VARIABLE = YES;
				IPHONEOS_DEPLOYMENT_TARGET = 18.2;
				LOCALIZATION_PREFERS_STRING_CATALOGS = YES;
				MTL_ENABLE_DEBUG_INFO = INCLUDE_SOURCE;
				MTL_FAST_MATH = YES;
				ONLY_ACTIVE_ARCH = YES;
				SDKROOT = iphoneos;
				SWIFT_ACTIVE_COMPILATION_CONDITIONS = "DEBUG $(inherited)";
				SWIFT_OPTIMIZATION_LEVEL = "-Onone";
			};
			name = Debug;
		};
		D1FC7BF02D4567BF003AEA74 /* Release */ = {
			isa = XCBuildConfiguration;
			buildSettings = {
				ALWAYS_SEARCH_USER_PATHS = NO;
				ASSETCATALOG_COMPILER_GENERATE_SWIFT_ASSET_SYMBOL_EXTENSIONS = YES;
				CLANG_ANALYZER_NONNULL = YES;
				CLANG_ANALYZER_NUMBER_OBJECT_CONVERSION = YES_AGGRESSIVE;
				CLANG_CXX_LANGUAGE_STANDARD = "gnu++20";
				CLANG_ENABLE_MODULES = YES;
				CLANG_ENABLE_OBJC_ARC = YES;
				CLANG_ENABLE_OBJC_WEAK = YES;
				CLANG_WARN_BLOCK_CAPTURE_AUTORELEASING = YES;
				CLANG_WARN_BOOL_CONVERSION = YES;
				CLANG_WARN_COMMA = YES;
				CLANG_WARN_CONSTANT_CONVERSION = YES;
				CLANG_WARN_DEPRECATED_OBJC_IMPLEMENTATIONS = YES;
				CLANG_WARN_DIRECT_OBJC_ISA_USAGE = YES_ERROR;
				CLANG_WARN_DOCUMENTATION_COMMENTS = YES;
				CLANG_WARN_EMPTY_BODY = YES;
				CLANG_WARN_ENUM_CONVERSION = YES;
				CLANG_WARN_INFINITE_RECURSION = YES;
				CLANG_WARN_INT_CONVERSION = YES;
				CLANG_WARN_NON_LITERAL_NULL_CONVERSION = YES;
				CLANG_WARN_OBJC_IMPLICIT_RETAIN_SELF = YES;
				CLANG_WARN_OBJC_LITERAL_CONVERSION = YES;
				CLANG_WARN_OBJC_ROOT_CLASS = YES_ERROR;
				CLANG_WARN_QUOTED_INCLUDE_IN_FRAMEWORK_HEADER = YES;
				CLANG_WARN_RANGE_LOOP_ANALYSIS = YES;
				CLANG_WARN_STRICT_PROTOTYPES = YES;
				CLANG_WARN_SUSPICIOUS_MOVE = YES;
				CLANG_WARN_UNGUARDED_AVAILABILITY = YES_AGGRESSIVE;
				CLANG_WARN_UNREACHABLE_CODE = YES;
				CLANG_WARN__DUPLICATE_METHOD_MATCH = YES;
				COPY_PHASE_STRIP = NO;
				DEBUG_INFORMATION_FORMAT = "dwarf-with-dsym";
				ENABLE_NS_ASSERTIONS = NO;
				ENABLE_STRICT_OBJC_MSGSEND = YES;
				ENABLE_USER_SCRIPT_SANDBOXING = YES;
				GCC_C_LANGUAGE_STANDARD = gnu17;
				GCC_NO_COMMON_BLOCKS = YES;
				GCC_WARN_64_TO_32_BIT_CONVERSION = YES;
				GCC_WARN_ABOUT_RETURN_TYPE = YES_ERROR;
				GCC_WARN_UNDECLARED_SELECTOR = YES;
				GCC_WARN_UNINITIALIZED_AUTOS = YES_AGGRESSIVE;
				GCC_WARN_UNUSED_FUNCTION = YES;
				GCC_WARN_UNUSED_VARIABLE = YES;
				IPHONEOS_DEPLOYMENT_TARGET = 18.2;
				LOCALIZATION_PREFERS_STRING_CATALOGS = YES;
				MTL_ENABLE_DEBUG_INFO = NO;
				MTL_FAST_MATH = YES;
				SDKROOT = iphoneos;
				SWIFT_COMPILATION_MODE = wholemodule;
				VALIDATE_PRODUCT = YES;
			};
			name = Release;
		};
		D1FC7BF22D4567BF003AEA74 /* Debug */ = {
			isa = XCBuildConfiguration;
			buildSettings = {
				BUNDLE_LOADER = "$(TEST_HOST)";
				CODE_SIGN_STYLE = Automatic;
				CURRENT_PROJECT_VERSION = 1;
				DEVELOPMENT_TEAM = PPX99984U7;
				GENERATE_INFOPLIST_FILE = YES;
				IPHONEOS_DEPLOYMENT_TARGET = 18.2;
				MARKETING_VERSION = 1.0;
				PRODUCT_BUNDLE_IDENTIFIER = "TR.QR-scannerTests";
				PRODUCT_NAME = "$(TARGET_NAME)";
				SWIFT_EMIT_LOC_STRINGS = NO;
				SWIFT_VERSION = 5.0;
				TARGETED_DEVICE_FAMILY = "1,2";
				TEST_HOST = "$(BUILT_PRODUCTS_DIR)/QR scanner.app/$(BUNDLE_EXECUTABLE_FOLDER_PATH)/QR scanner";
			};
			name = Debug;
		};
		D1FC7BF32D4567BF003AEA74 /* Release */ = {
			isa = XCBuildConfiguration;
			buildSettings = {
				BUNDLE_LOADER = "$(TEST_HOST)";
				CODE_SIGN_STYLE = Automatic;
				CURRENT_PROJECT_VERSION = 1;
				DEVELOPMENT_TEAM = PPX99984U7;
				GENERATE_INFOPLIST_FILE = YES;
				IPHONEOS_DEPLOYMENT_TARGET = 18.2;
				MARKETING_VERSION = 1.0;
				PRODUCT_BUNDLE_IDENTIFIER = "TR.QR-scannerTests";
				PRODUCT_NAME = "$(TARGET_NAME)";
				SWIFT_EMIT_LOC_STRINGS = NO;
				SWIFT_VERSION = 5.0;
				TARGETED_DEVICE_FAMILY = "1,2";
				TEST_HOST = "$(BUILT_PRODUCTS_DIR)/QR scanner.app/$(BUNDLE_EXECUTABLE_FOLDER_PATH)/QR scanner";
			};
			name = Release;
		};
		D1FC7BF52D4567BF003AEA74 /* Debug */ = {
			isa = XCBuildConfiguration;
			buildSettings = {
				CODE_SIGN_STYLE = Automatic;
				CURRENT_PROJECT_VERSION = 1;
				DEVELOPMENT_TEAM = PPX99984U7;
				GENERATE_INFOPLIST_FILE = YES;
				MARKETING_VERSION = 1.0;
				PRODUCT_BUNDLE_IDENTIFIER = "TR.QR-scannerUITests";
				PRODUCT_NAME = "$(TARGET_NAME)";
				SWIFT_EMIT_LOC_STRINGS = NO;
				SWIFT_VERSION = 5.0;
				TARGETED_DEVICE_FAMILY = "1,2";
				TEST_TARGET_NAME = "QR scanner";
			};
			name = Debug;
		};
		D1FC7BF62D4567BF003AEA74 /* Release */ = {
			isa = XCBuildConfiguration;
			buildSettings = {
				CODE_SIGN_STYLE = Automatic;
				CURRENT_PROJECT_VERSION = 1;
				DEVELOPMENT_TEAM = PPX99984U7;
				GENERATE_INFOPLIST_FILE = YES;
				MARKETING_VERSION = 1.0;
				PRODUCT_BUNDLE_IDENTIFIER = "TR.QR-scannerUITests";
				PRODUCT_NAME = "$(TARGET_NAME)";
				SWIFT_EMIT_LOC_STRINGS = NO;
				SWIFT_VERSION = 5.0;
				TARGETED_DEVICE_FAMILY = "1,2";
				TEST_TARGET_NAME = "QR scanner";
			};
			name = Release;
		};
/* End XCBuildConfiguration section */

/* Begin XCConfigurationList section */
		D1FC7BBE2D4567BD003AEA74 /* Build configuration list for PBXProject "QR scanner" */ = {
			isa = XCConfigurationList;
			buildConfigurations = (
				D1FC7BEF2D4567BF003AEA74 /* Debug */,
				D1FC7BF02D4567BF003AEA74 /* Release */,
			);
			defaultConfigurationIsVisible = 0;
			defaultConfigurationName = Release;
		};
		D1FC7BEC2D4567BF003AEA74 /* Build configuration list for PBXNativeTarget "QR scanner" */ = {
			isa = XCConfigurationList;
			buildConfigurations = (
				D1FC7BED2D4567BF003AEA74 /* Debug */,
				D1FC7BEE2D4567BF003AEA74 /* Release */,
			);
			defaultConfigurationIsVisible = 0;
			defaultConfigurationName = Release;
		};
		D1FC7BF12D4567BF003AEA74 /* Build configuration list for PBXNativeTarget "QR scannerTests" */ = {
			isa = XCConfigurationList;
			buildConfigurations = (
				D1FC7BF22D4567BF003AEA74 /* Debug */,
				D1FC7BF32D4567BF003AEA74 /* Release */,
			);
			defaultConfigurationIsVisible = 0;
			defaultConfigurationName = Release;
		};
		D1FC7BF42D4567BF003AEA74 /* Build configuration list for PBXNativeTarget "QR scannerUITests" */ = {
			isa = XCConfigurationList;
			buildConfigurations = (
				D1FC7BF52D4567BF003AEA74 /* Debug */,
				D1FC7BF62D4567BF003AEA74 /* Release */,
			);
			defaultConfigurationIsVisible = 0;
			defaultConfigurationName = Release;
		};
/* End XCConfigurationList section */
	};
	rootObject = D1FC7BBB2D4567BD003AEA74 /* Project object */;
}
